
Microsoft Visual Studio Solution File, Format Version 12.00
# Visual Studio Version 17
VisualStudioVersion = 17.7.34024.191
MinimumVisualStudioVersion = 10.0.40219.1
Project("{FAE04EC0-301F-11D3-BF4B-00C04F79EFBC}") = "ManajemenPustakaApp", "ManajemenPustakaApp\ManajemenPustakaApp.csproj", "{408CAA59-CF68-4C8F-951D-EBAB4E577E5E}"
EndProject
Global
	GlobalSection(SolutionConfigurationPlatforms) = preSolution
		Debug|Any CPU = Debug|Any CPU
		Release|Any CPU = Release|Any CPU
	EndGlobalSection
	GlobalSection(ProjectConfigurationPlatforms) = postSolution
		{408CAA59-CF68-4C8F-951D-EBAB4E577E5E}.Debug|Any CPU.ActiveCfg = Debug|Any CPU
		{408CAA59-CF68-4C8F-951D-EBAB4E577E5E}.Debug|Any CPU.Build.0 = Debug|Any CPU
		{408CAA59-CF68-4C8F-951D-EBAB4E577E5E}.Release|Any CPU.ActiveCfg = Release|Any CPU
		{408CAA59-CF68-4C8F-951D-EBAB4E577E5E}.Release|Any CPU.Build.0 = Release|Any CPU
	EndGlobalSection
	GlobalSection(SolutionProperties) = preSolution
		HideSolutionNode = FALSE
	EndGlobalSection
	GlobalSection(ExtensibilityGlobals) = postSolution
		SolutionGuid = {067E2142-A287-42E4-B62D-6DC5D7C4CCF1}
	EndGlobalSection
EndGlobal
